
Microsoft Visual Studio Solution File, Format Version 12.00
# Visual Studio Version 17
VisualStudioVersion = 17.5.001.0
MinimumVisualStudioVersion = 10.0.40219.1
Project("{9A19103F-16F7-4668-BE54-9A1E7A4F7556}") = "c#", "c#.csproj", "{CA48BA11-F585-4718-8D8F-9BC0A5C67A6B}"
EndProject
Global
	GlobalSection(SolutionConfigurationPlatforms) = preSolution
		Debug|Any CPU = Debug|Any CPU
		Release|Any CPU = Release|Any CPU
	EndGlobalSection
	GlobalSection(ProjectConfigurationPlatforms) = postSolution
		{CA48BA11-F585-4718-8D8F-9BC0A5C67A6B}.Debug|Any CPU.ActiveCfg = Debug|Any CPU
		{CA48BA11-F585-4718-8D8F-9BC0A5C67A6B}.Debug|Any CPU.Build.0 = Debug|Any CPU
		{CA48BA11-F585-4718-8D8F-9BC0A5C67A6B}.Release|Any CPU.ActiveCfg = Release|Any CPU
		{CA48BA11-F585-4718-8D8F-9BC0A5C67A6B}.Release|Any CPU.Build.0 = Release|Any CPU
	EndGlobalSection
	GlobalSection(SolutionProperties) = preSolution
		HideSolutionNode = FALSE
	EndGlobalSection
	GlobalSection(ExtensibilityGlobals) = postSolution
		SolutionGuid = {D354951E-B117-4664-9790-1EBCF55747D2}
	EndGlobalSection
EndGlobal
